
Microsoft Visual Studio Solution File, Format Version 12.00
# Visual Studio 15
VisualStudioVersion = 15.0.26124.0
MinimumVisualStudioVersion = 15.0.26124.0
Project("{FAE04EC0-301F-11D3-BF4B-00C04F79EFBC}") = "VanillaDIExample", "VanillaDIExample\VanillaDIExample.csproj", "{38812AA8-2DA2-4424-BEC8-625E655FBFD3}"
EndProject
Project("{FAE04EC0-301F-11D3-BF4B-00C04F79EFBC}") = "VanillaDIExample.Tests", "VanillaDIExample.Tests\VanillaDIExample.Tests.csproj", "{2ADAA081-6773-4B50-B42B-8C594E52449B}"
EndProject
Global
	GlobalSection(SolutionConfigurationPlatforms) = preSolution
		Debug|Any CPU = Debug|Any CPU
		Debug|x64 = Debug|x64
		Debug|x86 = Debug|x86
		Release|Any CPU = Release|Any CPU
		Release|x64 = Release|x64
		Release|x86 = Release|x86
	EndGlobalSection
	GlobalSection(SolutionProperties) = preSolution
		HideSolutionNode = FALSE
	EndGlobalSection
	GlobalSection(ProjectConfigurationPlatforms) = postSolution
		{38812AA8-2DA2-4424-BEC8-625E655FBFD3}.Debug|Any CPU.ActiveCfg = Debug|Any CPU
		{38812AA8-2DA2-4424-BEC8-625E655FBFD3}.Debug|Any CPU.Build.0 = Debug|Any CPU
		{38812AA8-2DA2-4424-BEC8-625E655FBFD3}.Debug|x64.ActiveCfg = Debug|Any CPU
		{38812AA8-2DA2-4424-BEC8-625E655FBFD3}.Debug|x64.Build.0 = Debug|Any CPU
		{38812AA8-2DA2-4424-BEC8-625E655FBFD3}.Debug|x86.ActiveCfg = Debug|Any CPU
		{38812AA8-2DA2-4424-BEC8-625E655FBFD3}.Debug|x86.Build.0 = Debug|Any CPU
		{38812AA8-2DA2-4424-BEC8-625E655FBFD3}.Release|Any CPU.ActiveCfg = Release|Any CPU
		{38812AA8-2DA2-4424-BEC8-625E655FBFD3}.Release|Any CPU.Build.0 = Release|Any CPU
		{38812AA8-2DA2-4424-BEC8-625E655FBFD3}.Release|x64.ActiveCfg = Release|Any CPU
		{38812AA8-2DA2-4424-BEC8-625E655FBFD3}.Release|x64.Build.0 = Release|Any CPU
		{38812AA8-2DA2-4424-BEC8-625E655FBFD3}.Release|x86.ActiveCfg = Release|Any CPU
		{38812AA8-2DA2-4424-BEC8-625E655FBFD3}.Release|x86.Build.0 = Release|Any CPU
		{2ADAA081-6773-4B50-B42B-8C594E52449B}.Debug|Any CPU.ActiveCfg = Debug|Any CPU
		{2ADAA081-6773-4B50-B42B-8C594E52449B}.Debug|Any CPU.Build.0 = Debug|Any CPU
		{2ADAA081-6773-4B50-B42B-8C594E52449B}.Debug|x64.ActiveCfg = Debug|Any CPU
		{2ADAA081-6773-4B50-B42B-8C594E52449B}.Debug|x64.Build.0 = Debug|Any CPU
		{2ADAA081-6773-4B50-B42B-8C594E52449B}.Debug|x86.ActiveCfg = Debug|Any CPU
		{2ADAA081-6773-4B50-B42B-8C594E52449B}.Debug|x86.Build.0 = Debug|Any CPU
		{2ADAA081-6773-4B50-B42B-8C594E52449B}.Release|Any CPU.ActiveCfg = Release|Any CPU
		{2ADAA081-6773-4B50-B42B-8C594E52449B}.Release|Any CPU.Build.0 = Release|Any CPU
		{2ADAA081-6773-4B50-B42B-8C594E52449B}.Release|x64.ActiveCfg = Release|Any CPU
		{2ADAA081-6773-4B50-B42B-8C594E52449B}.Release|x64.Build.0 = Release|Any CPU
		{2ADAA081-6773-4B50-B42B-8C594E52449B}.Release|x86.ActiveCfg = Release|Any CPU
		{2ADAA081-6773-4B50-B42B-8C594E52449B}.Release|x86.Build.0 = Release|Any CPU
	EndGlobalSection
EndGlobal
